
Microsoft Visual Studio Solution File, Format Version 12.00
# Visual Studio Version 16
VisualStudioVersion = 16.0.31515.178
MinimumVisualStudioVersion = 10.0.40219.1
Project("{FAE04EC0-301F-11D3-BF4B-00C04F79EFBC}") = "Fatora", "Fatora.csproj", "{96B291E6-8CFC-4E7A-BCE3-C415E205F17D}"
EndProject
Global
	GlobalSection(SolutionConfigurationPlatforms) = preSolution
		Debug|Any CPU = Debug|Any CPU
		Release|Any CPU = Release|Any CPU
	EndGlobalSection
	GlobalSection(ProjectConfigurationPlatforms) = postSolution
		{96B291E6-8CFC-4E7A-BCE3-C415E205F17D}.Debug|Any CPU.ActiveCfg = Debug|Any CPU
		{96B291E6-8CFC-4E7A-BCE3-C415E205F17D}.Debug|Any CPU.Build.0 = Debug|Any CPU
		{96B291E6-8CFC-4E7A-BCE3-C415E205F17D}.Release|Any CPU.ActiveCfg = Release|Any CPU
		{96B291E6-8CFC-4E7A-BCE3-C415E205F17D}.Release|Any CPU.Build.0 = Release|Any CPU
	EndGlobalSection
	GlobalSection(SolutionProperties) = preSolution
		HideSolutionNode = FALSE
	EndGlobalSection
	GlobalSection(ExtensibilityGlobals) = postSolution
		SolutionGuid = {80AB7657-7848-46D3-AF5A-720181DBD4E3}
	EndGlobalSection
EndGlobal
